
Microsoft Visual Studio Solution File, Format Version 12.00
# Visual Studio Version 17
VisualStudioVersion = 17.11.35312.102
MinimumVisualStudioVersion = 10.0.40219.1
Project("{8BC9CEB8-8B4A-11D0-8D11-00A0C91BC942}") = "SignOfIntegerNumbers", "SignOfIntegerNumbers\SignOfIntegerNumbers.vcxproj", "{95248EA3-144E-4057-9317-6EB306C68A53}"
EndProject
Project("{8BC9CEB8-8B4A-11D0-8D11-00A0C91BC942}") = "Grades", "Grades\Grades.vcxproj", "{67E58A5F-C41B-424B-AE5B-D1262BC51BC1}"
EndProject
Project("{8BC9CEB8-8B4A-11D0-8D11-00A0C91BC942}") = "SmallestOfThreeNumbers", "SmallestOfThreeNumbers\SmallestOfThreeNumbers.vcxproj", "{19421B1B-173A-49A8-8BED-B89C799656C4}"
EndProject
Project("{8BC9CEB8-8B4A-11D0-8D11-00A0C91BC942}") = "PrintingTriangle", "PrintingTriangle\PrintingTriangle.vcxproj", "{882C1613-7954-4CDC-8FAC-6CCCAE438D87}"
EndProject
Project("{8BC9CEB8-8B4A-11D0-8D11-00A0C91BC942}") = "CalculateRectangleArea", "CalculateRectangleArea\CalculateRectangleArea.vcxproj", "{B4DD575A-205A-4616-AF9B-F2D002EFAE84}"
EndProject
Project("{8BC9CEB8-8B4A-11D0-8D11-00A0C91BC942}") = "MathPower", "MathPower\MathPower.vcxproj", "{C8413462-586C-46E6-81CA-3D728E8A6647}"
EndProject
Project("{8BC9CEB8-8B4A-11D0-8D11-00A0C91BC942}") = "CenterPoint", "CenterPoint\CenterPoint.vcxproj", "{A81FA68A-4187-42A7-97CC-ACF9315783EB}"
EndProject
Project("{8BC9CEB8-8B4A-11D0-8D11-00A0C91BC942}") = "Operations", "Operations\Operations.vcxproj", "{69B27E51-0135-4147-9A8C-B995C819F2DA}"
EndProject
Project("{8BC9CEB8-8B4A-11D0-8D11-00A0C91BC942}") = "FactorialDivision", "FactorialDivision\FactorialDivision.vcxproj", "{B04124CC-A0CF-4927-82BE-AFF495D38D5C}"
EndProject
Project("{8BC9CEB8-8B4A-11D0-8D11-00A0C91BC942}") = "PrintNameOfNumbers", "PrintNameOfNumbers\PrintNameOfNumbers.vcxproj", "{5A8048A6-19B4-4273-9E80-CC45A47E3788}"
EndProject
Project("{8BC9CEB8-8B4A-11D0-8D11-00A0C91BC942}") = "MultiplyEvensSumByOdds", "MultiplyEvensSumByOdds\MultiplyEvensSumByOdds.vcxproj", "{B761C19E-32B7-497C-B09C-58B96187EB97}"
EndProject
Project("{8BC9CEB8-8B4A-11D0-8D11-00A0C91BC942}") = "VowelsCount", "VowelsCount\VowelsCount.vcxproj", "{64023536-9FEF-4681-89DB-F65E10FECC87}"
EndProject
Project("{8BC9CEB8-8B4A-11D0-8D11-00A0C91BC942}") = "PasswordValidator", "PasswordValidator\PasswordValidator.vcxproj", "{D174C15E-1C77-45AE-8A59-376E6B1655DB}"
EndProject
Project("{8BC9CEB8-8B4A-11D0-8D11-00A0C91BC942}") = "Orders", "Orders\Orders.vcxproj", "{C1D3F2C9-AB55-4224-8D82-16637A7F6022}"
EndProject
Project("{8BC9CEB8-8B4A-11D0-8D11-00A0C91BC942}") = "GreaterOfTwoValues", "GreaterOfTwoValues\GreaterOfTwoValues.vcxproj", "{12E65FE8-06EC-4158-AEB6-FA01E6A93844}"
EndProject
Project("{8BC9CEB8-8B4A-11D0-8D11-00A0C91BC942}") = "GreaterOfTwoValues2", "GreaterOfTwoValues2\GreaterOfTwoValues2.vcxproj", "{26A78318-17C9-4B55-8DDA-141E69BC7896}"
EndProject
Project("{8BC9CEB8-8B4A-11D0-8D11-00A0C91BC942}") = "PrintNameOfNumbers2", "PrintNameOfNumbers2\PrintNameOfNumbers2.vcxproj", "{B7D56178-EEE6-4F0C-B971-180E92D513B7}"
EndProject
Project("{8BC9CEB8-8B4A-11D0-8D11-00A0C91BC942}") = "PasswordValidator2", "PasswordValidator2\PasswordValidator2.vcxproj", "{A96EC66D-4599-4B79-874A-591909F12923}"
EndProject
Global
	GlobalSection(SolutionConfigurationPlatforms) = preSolution
		Debug|x64 = Debug|x64
		Debug|x86 = Debug|x86
		Release|x64 = Release|x64
		Release|x86 = Release|x86
	EndGlobalSection
	GlobalSection(ProjectConfigurationPlatforms) = postSolution
		{95248EA3-144E-4057-9317-6EB306C68A53}.Debug|x64.ActiveCfg = Debug|x64
		{95248EA3-144E-4057-9317-6EB306C68A53}.Debug|x64.Build.0 = Debug|x64
		{95248EA3-144E-4057-9317-6EB306C68A53}.Debug|x86.ActiveCfg = Debug|Win32
		{95248EA3-144E-4057-9317-6EB306C68A53}.Debug|x86.Build.0 = Debug|Win32
		{95248EA3-144E-4057-9317-6EB306C68A53}.Release|x64.ActiveCfg = Release|x64
		{95248EA3-144E-4057-9317-6EB306C68A53}.Release|x64.Build.0 = Release|x64
		{95248EA3-144E-4057-9317-6EB306C68A53}.Release|x86.ActiveCfg = Release|Win32
		{95248EA3-144E-4057-9317-6EB306C68A53}.Release|x86.Build.0 = Release|Win32
		{67E58A5F-C41B-424B-AE5B-D1262BC51BC1}.Debug|x64.ActiveCfg = Debug|x64
		{67E58A5F-C41B-424B-AE5B-D1262BC51BC1}.Debug|x64.Build.0 = Debug|x64
		{67E58A5F-C41B-424B-AE5B-D1262BC51BC1}.Debug|x86.ActiveCfg = Debug|Win32
		{67E58A5F-C41B-424B-AE5B-D1262BC51BC1}.Debug|x86.Build.0 = Debug|Win32
		{67E58A5F-C41B-424B-AE5B-D1262BC51BC1}.Release|x64.ActiveCfg = Release|x64
		{67E58A5F-C41B-424B-AE5B-D1262BC51BC1}.Release|x64.Build.0 = Release|x64
		{67E58A5F-C41B-424B-AE5B-D1262BC51BC1}.Release|x86.ActiveCfg = Release|Win32
		{67E58A5F-C41B-424B-AE5B-D1262BC51BC1}.Release|x86.Build.0 = Release|Win32
		{19421B1B-173A-49A8-8BED-B89C799656C4}.Debug|x64.ActiveCfg = Debug|x64
		{19421B1B-173A-49A8-8BED-B89C799656C4}.Debug|x64.Build.0 = Debug|x64
		{19421B1B-173A-49A8-8BED-B89C799656C4}.Debug|x86.ActiveCfg = Debug|Win32
		{19421B1B-173A-49A8-8BED-B89C799656C4}.Debug|x86.Build.0 = Debug|Win32
		{19421B1B-173A-49A8-8BED-B89C799656C4}.Release|x64.ActiveCfg = Release|x64
		{19421B1B-173A-49A8-8BED-B89C799656C4}.Release|x64.Build.0 = Release|x64
		{19421B1B-173A-49A8-8BED-B89C799656C4}.Release|x86.ActiveCfg = Release|Win32
		{19421B1B-173A-49A8-8BED-B89C799656C4}.Release|x86.Build.0 = Release|Win32
		{882C1613-7954-4CDC-8FAC-6CCCAE438D87}.Debug|x64.ActiveCfg = Debug|x64
		{882C1613-7954-4CDC-8FAC-6CCCAE438D87}.Debug|x64.Build.0 = Debug|x64
		{882C1613-7954-4CDC-8FAC-6CCCAE438D87}.Debug|x86.ActiveCfg = Debug|Win32
		{882C1613-7954-4CDC-8FAC-6CCCAE438D87}.Debug|x86.Build.0 = Debug|Win32
		{882C1613-7954-4CDC-8FAC-6CCCAE438D87}.Release|x64.ActiveCfg = Release|x64
		{882C1613-7954-4CDC-8FAC-6CCCAE438D87}.Release|x64.Build.0 = Release|x64
		{882C1613-7954-4CDC-8FAC-6CCCAE438D87}.Release|x86.ActiveCfg = Release|Win32
		{882C1613-7954-4CDC-8FAC-6CCCAE438D87}.Release|x86.Build.0 = Release|Win32
		{B4DD575A-205A-4616-AF9B-F2D002EFAE84}.Debug|x64.ActiveCfg = Debug|x64
		{B4DD575A-205A-4616-AF9B-F2D002EFAE84}.Debug|x64.Build.0 = Debug|x64
		{B4DD575A-205A-4616-AF9B-F2D002EFAE84}.Debug|x86.ActiveCfg = Debug|Win32
		{B4DD575A-205A-4616-AF9B-F2D002EFAE84}.Debug|x86.Build.0 = Debug|Win32
		{B4DD575A-205A-4616-AF9B-F2D002EFAE84}.Release|x64.ActiveCfg = Release|x64
		{B4DD575A-205A-4616-AF9B-F2D002EFAE84}.Release|x64.Build.0 = Release|x64
		{B4DD575A-205A-4616-AF9B-F2D002EFAE84}.Release|x86.ActiveCfg = Release|Win32
		{B4DD575A-205A-4616-AF9B-F2D002EFAE84}.Release|x86.Build.0 = Release|Win32
		{C8413462-586C-46E6-81CA-3D728E8A6647}.Debug|x64.ActiveCfg = Debug|x64
		{C8413462-586C-46E6-81CA-3D728E8A6647}.Debug|x64.Build.0 = Debug|x64
		{C8413462-586C-46E6-81CA-3D728E8A6647}.Debug|x86.ActiveCfg = Debug|Win32
		{C8413462-586C-46E6-81CA-3D728E8A6647}.Debug|x86.Build.0 = Debug|Win32
		{C8413462-586C-46E6-81CA-3D728E8A6647}.Release|x64.ActiveCfg = Release|x64
		{C8413462-586C-46E6-81CA-3D728E8A6647}.Release|x64.Build.0 = Release|x64
		{C8413462-586C-46E6-81CA-3D728E8A6647}.Release|x86.ActiveCfg = Release|Win32
		{C8413462-586C-46E6-81CA-3D728E8A6647}.Release|x86.Build.0 = Release|Win32
		{A81FA68A-4187-42A7-97CC-ACF9315783EB}.Debug|x64.ActiveCfg = Debug|x64
		{A81FA68A-4187-42A7-97CC-ACF9315783EB}.Debug|x64.Build.0 = Debug|x64
		{A81FA68A-4187-42A7-97CC-ACF9315783EB}.Debug|x86.ActiveCfg = Debug|Win32
		{A81FA68A-4187-42A7-97CC-ACF9315783EB}.Debug|x86.Build.0 = Debug|Win32
		{A81FA68A-4187-42A7-97CC-ACF9315783EB}.Release|x64.ActiveCfg = Release|x64
		{A81FA68A-4187-42A7-97CC-ACF9315783EB}.Release|x64.Build.0 = Release|x64
		{A81FA68A-4187-42A7-97CC-ACF9315783EB}.Release|x86.ActiveCfg = Release|Win32
		{A81FA68A-4187-42A7-97CC-ACF9315783EB}.Release|x86.Build.0 = Release|Win32
		{69B27E51-0135-4147-9A8C-B995C819F2DA}.Debug|x64.ActiveCfg = Debug|x64
		{69B27E51-0135-4147-9A8C-B995C819F2DA}.Debug|x64.Build.0 = Debug|x64
		{69B27E51-0135-4147-9A8C-B995C819F2DA}.Debug|x86.ActiveCfg = Debug|Win32
		{69B27E51-0135-4147-9A8C-B995C819F2DA}.Debug|x86.Build.0 = Debug|Win32
		{69B27E51-0135-4147-9A8C-B995C819F2DA}.Release|x64.ActiveCfg = Release|x64
		{69B27E51-0135-4147-9A8C-B995C819F2DA}.Release|x64.Build.0 = Release|x64
		{69B27E51-0135-4147-9A8C-B995C819F2DA}.Release|x86.ActiveCfg = Release|Win32
		{69B27E51-0135-4147-9A8C-B995C819F2DA}.Release|x86.Build.0 = Release|Win32
		{B04124CC-A0CF-4927-82BE-AFF495D38D5C}.Debug|x64.ActiveCfg = Debug|x64
		{B04124CC-A0CF-4927-82BE-AFF495D38D5C}.Debug|x64.Build.0 = Debug|x64
		{B04124CC-A0CF-4927-82BE-AFF495D38D5C}.Debug|x86.ActiveCfg = Debug|Win32
		{B04124CC-A0CF-4927-82BE-AFF495D38D5C}.Debug|x86.Build.0 = Debug|Win32
		{B04124CC-A0CF-4927-82BE-AFF495D38D5C}.Release|x64.ActiveCfg = Release|x64
		{B04124CC-A0CF-4927-82BE-AFF495D38D5C}.Release|x64.Build.0 = Release|x64
		{B04124CC-A0CF-4927-82BE-AFF495D38D5C}.Release|x86.ActiveCfg = Release|Win32
		{B04124CC-A0CF-4927-82BE-AFF495D38D5C}.Release|x86.Build.0 = Release|Win32
		{5A8048A6-19B4-4273-9E80-CC45A47E3788}.Debug|x64.ActiveCfg = Debug|x64
		{5A8048A6-19B4-4273-9E80-CC45A47E3788}.Debug|x64.Build.0 = Debug|x64
		{5A8048A6-19B4-4273-9E80-CC45A47E3788}.Debug|x86.ActiveCfg = Debug|Win32
		{5A8048A6-19B4-4273-9E80-CC45A47E3788}.Debug|x86.Build.0 = Debug|Win32
		{5A8048A6-19B4-4273-9E80-CC45A47E3788}.Release|x64.ActiveCfg = Release|x64
		{5A8048A6-19B4-4273-9E80-CC45A47E3788}.Release|x64.Build.0 = Release|x64
		{5A8048A6-19B4-4273-9E80-CC45A47E3788}.Release|x86.ActiveCfg = Release|Win32
		{5A8048A6-19B4-4273-9E80-CC45A47E3788}.Release|x86.Build.0 = Release|Win32
		{B761C19E-32B7-497C-B09C-58B96187EB97}.Debug|x64.ActiveCfg = Debug|x64
		{B761C19E-32B7-497C-B09C-58B96187EB97}.Debug|x64.Build.0 = Debug|x64
		{B761C19E-32B7-497C-B09C-58B96187EB97}.Debug|x86.ActiveCfg = Debug|Win32
		{B761C19E-32B7-497C-B09C-58B96187EB97}.Debug|x86.Build.0 = Debug|Win32
		{B761C19E-32B7-497C-B09C-58B96187EB97}.Release|x64.ActiveCfg = Release|x64
		{B761C19E-32B7-497C-B09C-58B96187EB97}.Release|x64.Build.0 = Release|x64
		{B761C19E-32B7-497C-B09C-58B96187EB97}.Release|x86.ActiveCfg = Release|Win32
		{B761C19E-32B7-497C-B09C-58B96187EB97}.Release|x86.Build.0 = Release|Win32
		{64023536-9FEF-4681-89DB-F65E10FECC87}.Debug|x64.ActiveCfg = Debug|x64
		{64023536-9FEF-4681-89DB-F65E10FECC87}.Debug|x64.Build.0 = Debug|x64
		{64023536-9FEF-4681-89DB-F65E10FECC87}.Debug|x86.ActiveCfg = Debug|Win32
		{64023536-9FEF-4681-89DB-F65E10FECC87}.Debug|x86.Build.0 = Debug|Win32
		{64023536-9FEF-4681-89DB-F65E10FECC87}.Release|x64.ActiveCfg = Release|x64
		{64023536-9FEF-4681-89DB-F65E10FECC87}.Release|x64.Build.0 = Release|x64
		{64023536-9FEF-4681-89DB-F65E10FECC87}.Release|x86.ActiveCfg = Release|Win32
		{64023536-9FEF-4681-89DB-F65E10FECC87}.Release|x86.Build.0 = Release|Win32
		{D174C15E-1C77-45AE-8A59-376E6B1655DB}.Debug|x64.ActiveCfg = Debug|x64
		{D174C15E-1C77-45AE-8A59-376E6B1655DB}.Debug|x64.Build.0 = Debug|x64
		{D174C15E-1C77-45AE-8A59-376E6B1655DB}.Debug|x86.ActiveCfg = Debug|Win32
		{D174C15E-1C77-45AE-8A59-376E6B1655DB}.Debug|x86.Build.0 = Debug|Win32
		{D174C15E-1C77-45AE-8A59-376E6B1655DB}.Release|x64.ActiveCfg = Release|x64
		{D174C15E-1C77-45AE-8A59-376E6B1655DB}.Release|x64.Build.0 = Release|x64
		{D174C15E-1C77-45AE-8A59-376E6B1655DB}.Release|x86.ActiveCfg = Release|Win32
		{D174C15E-1C77-45AE-8A59-376E6B1655DB}.Release|x86.Build.0 = Release|Win32
		{C1D3F2C9-AB55-4224-8D82-16637A7F6022}.Debug|x64.ActiveCfg = Debug|x64
		{C1D3F2C9-AB55-4224-8D82-16637A7F6022}.Debug|x64.Build.0 = Debug|x64
		{C1D3F2C9-AB55-4224-8D82-16637A7F6022}.Debug|x86.ActiveCfg = Debug|Win32
		{C1D3F2C9-AB55-4224-8D82-16637A7F6022}.Debug|x86.Build.0 = Debug|Win32
		{C1D3F2C9-AB55-4224-8D82-16637A7F6022}.Release|x64.ActiveCfg = Release|x64
		{C1D3F2C9-AB55-4224-8D82-16637A7F6022}.Release|x64.Build.0 = Release|x64
		{C1D3F2C9-AB55-4224-8D82-16637A7F6022}.Release|x86.ActiveCfg = Release|Win32
		{C1D3F2C9-AB55-4224-8D82-16637A7F6022}.Release|x86.Build.0 = Release|Win32
		{12E65FE8-06EC-4158-AEB6-FA01E6A93844}.Debug|x64.ActiveCfg = Debug|x64
		{12E65FE8-06EC-4158-AEB6-FA01E6A93844}.Debug|x64.Build.0 = Debug|x64
		{12E65FE8-06EC-4158-AEB6-FA01E6A93844}.Debug|x86.ActiveCfg = Debug|Win32
		{12E65FE8-06EC-4158-AEB6-FA01E6A93844}.Debug|x86.Build.0 = Debug|Win32
		{12E65FE8-06EC-4158-AEB6-FA01E6A93844}.Release|x64.ActiveCfg = Release|x64
		{12E65FE8-06EC-4158-AEB6-FA01E6A93844}.Release|x64.Build.0 = Release|x64
		{12E65FE8-06EC-4158-AEB6-FA01E6A93844}.Release|x86.ActiveCfg = Release|Win32
		{12E65FE8-06EC-4158-AEB6-FA01E6A93844}.Release|x86.Build.0 = Release|Win32
		{26A78318-17C9-4B55-8DDA-141E69BC7896}.Debug|x64.ActiveCfg = Debug|x64
		{26A78318-17C9-4B55-8DDA-141E69BC7896}.Debug|x64.Build.0 = Debug|x64
		{26A78318-17C9-4B55-8DDA-141E69BC7896}.Debug|x86.ActiveCfg = Debug|Win32
		{26A78318-17C9-4B55-8DDA-141E69BC7896}.Debug|x86.Build.0 = Debug|Win32
		{26A78318-17C9-4B55-8DDA-141E69BC7896}.Release|x64.ActiveCfg = Release|x64
		{26A78318-17C9-4B55-8DDA-141E69BC7896}.Release|x64.Build.0 = Release|x64
		{26A78318-17C9-4B55-8DDA-141E69BC7896}.Release|x86.ActiveCfg = Release|Win32
		{26A78318-17C9-4B55-8DDA-141E69BC7896}.Release|x86.Build.0 = Release|Win32
		{B7D56178-EEE6-4F0C-B971-180E92D513B7}.Debug|x64.ActiveCfg = Debug|x64
		{B7D56178-EEE6-4F0C-B971-180E92D513B7}.Debug|x64.Build.0 = Debug|x64
		{B7D56178-EEE6-4F0C-B971-180E92D513B7}.Debug|x86.ActiveCfg = Debug|Win32
		{B7D56178-EEE6-4F0C-B971-180E92D513B7}.Debug|x86.Build.0 = Debug|Win32
		{B7D56178-EEE6-4F0C-B971-180E92D513B7}.Release|x64.ActiveCfg = Release|x64
		{B7D56178-EEE6-4F0C-B971-180E92D513B7}.Release|x64.Build.0 = Release|x64
		{B7D56178-EEE6-4F0C-B971-180E92D513B7}.Release|x86.ActiveCfg = Release|Win32
		{B7D56178-EEE6-4F0C-B971-180E92D513B7}.Release|x86.Build.0 = Release|Win32
		{A96EC66D-4599-4B79-874A-591909F12923}.Debug|x64.ActiveCfg = Debug|x64
		{A96EC66D-4599-4B79-874A-591909F12923}.Debug|x64.Build.0 = Debug|x64
		{A96EC66D-4599-4B79-874A-591909F12923}.Debug|x86.ActiveCfg = Debug|Win32
		{A96EC66D-4599-4B79-874A-591909F12923}.Debug|x86.Build.0 = Debug|Win32
		{A96EC66D-4599-4B79-874A-591909F12923}.Release|x64.ActiveCfg = Release|x64
		{A96EC66D-4599-4B79-874A-591909F12923}.Release|x64.Build.0 = Release|x64
		{A96EC66D-4599-4B79-874A-591909F12923}.Release|x86.ActiveCfg = Release|Win32
		{A96EC66D-4599-4B79-874A-591909F12923}.Release|x86.Build.0 = Release|Win32
	EndGlobalSection
	GlobalSection(SolutionProperties) = preSolution
		HideSolutionNode = FALSE
	EndGlobalSection
	GlobalSection(ExtensibilityGlobals) = postSolution
		SolutionGuid = {30044CD9-7249-4B2D-80FF-481B41BF2AC3}
	EndGlobalSection
EndGlobal
